
Microsoft Visual Studio Solution File, Format Version 12.00
# Visual Studio Version 17
VisualStudioVersion = 17.8.34212.112
MinimumVisualStudioVersion = 10.0.40219.1
Project("{FAE04EC0-301F-11D3-BF4B-00C04F79EFBC}") = "DemoBlazorWASMScreenLoader", "DemoBlazorWASMScreenLoader\DemoBlazorWASMScreenLoader.csproj", "{CBFCCFEB-74E2-4376-9896-EEA1B75AC2DB}"
EndProject
Global
	GlobalSection(SolutionConfigurationPlatforms) = preSolution
		Debug|Any CPU = Debug|Any CPU
		Release|Any CPU = Release|Any CPU
	EndGlobalSection
	GlobalSection(ProjectConfigurationPlatforms) = postSolution
		{CBFCCFEB-74E2-4376-9896-EEA1B75AC2DB}.Debug|Any CPU.ActiveCfg = Debug|Any CPU
		{CBFCCFEB-74E2-4376-9896-EEA1B75AC2DB}.Debug|Any CPU.Build.0 = Debug|Any CPU
		{CBFCCFEB-74E2-4376-9896-EEA1B75AC2DB}.Release|Any CPU.ActiveCfg = Release|Any CPU
		{CBFCCFEB-74E2-4376-9896-EEA1B75AC2DB}.Release|Any CPU.Build.0 = Release|Any CPU
	EndGlobalSection
	GlobalSection(SolutionProperties) = preSolution
		HideSolutionNode = FALSE
	EndGlobalSection
	GlobalSection(ExtensibilityGlobals) = postSolution
		SolutionGuid = {3467E2CE-4C90-47E3-92CB-3542D716DD20}
	EndGlobalSection
EndGlobal
